{
  "version": 4,
  "terraform_version": "1.7.5",
  "serial": 3,
  "lineage": "1743c9a4-2a64-04aa-30ae-213c20f683e5",
  "outputs": {
    "external_public_ip": {
      "value": "54.241.247.97",
      "type": "string"
    },
    "management_public_ip": {
      "value": "54.241.122.83",
      "type": "string"
    }
  },
  "resources": [
    {
      "mode": "managed",
      "type": "ansible_host",
      "name": "host",
      "provider": "provider[\"registry.terraform.io/ansible/ansible\"]",
      "instances": [
        {
          "schema_version": 0,
          "attributes": {
            "groups": [
              "bigip"
            ],
            "id": "hosts",
            "name": "hosts",
            "variables": {
              "bigip_host": "54.241.122.83",
              "bigip_vs_ip": "10.0.12.10"
            }
          },
          "sensitive_attributes": [],
          "private": "bnVsbA==",
          "dependencies": [
            "module.infrastructure.aws_eip.eip_mgmt",
            "module.infrastructure.aws_instance.big_ip",
            "module.infrastructure.aws_network_interface.external",
            "module.infrastructure.aws_network_interface.internal",
            "module.infrastructure.aws_network_interface.mgmt",
            "module.infrastructure.aws_security_group.external",
            "module.infrastructure.aws_security_group.internal",
            "module.infrastructure.aws_security_group.mgmt",
            "module.infrastructure.aws_subnet.external",
            "module.infrastructure.aws_subnet.internal",
            "module.infrastructure.aws_subnet.mgmt",
            "module.infrastructure.aws_vpc.vpc",
            "module.infrastructure.data.http.myip",
            "module.infrastructure.null_resource.wait_for_bigip_http"
          ]
        }
      ]
    },
    {
      "module": "module.configuration",
      "mode": "managed",
      "type": "bigip_net_selfip",
      "name": "external_selfip",
      "provider": "provider[\"registry.terraform.io/f5networks/bigip\"]",
      "instances": [
        {
          "schema_version": 0,
          "attributes": {
            "id": "10.0.12.10",
            "ip": "10.0.12.10/24",
            "name": "10.0.12.10",
            "port_lockdown": [
              "none"
            ],
            "traffic_group": "traffic-group-local-only",
            "vlan": "/Common/external"
          },
          "sensitive_attributes": [],
          "private": "bnVsbA==",
          "dependencies": [
            "module.configuration.bigip_net_vlan.external",
            "module.infrastructure.aws_eip.eip_mgmt",
            "module.infrastructure.aws_eip.eip_vip",
            "module.infrastructure.aws_instance.big_ip",
            "module.infrastructure.aws_instance.webserver_1",
            "module.infrastructure.aws_instance.webserver_2",
            "module.infrastructure.aws_internet_gateway.default",
            "module.infrastructure.aws_network_interface.external",
            "module.infrastructure.aws_network_interface.internal",
            "module.infrastructure.aws_network_interface.mgmt",
            "module.infrastructure.aws_route.internet_access",
            "module.infrastructure.aws_route_table_association.route_table_external",
            "module.infrastructure.aws_route_table_association.route_table_internal",
            "module.infrastructure.aws_security_group.external",
            "module.infrastructure.aws_security_group.internal",
            "module.infrastructure.aws_security_group.mgmt",
            "module.infrastructure.aws_security_group.webserver",
            "module.infrastructure.aws_subnet.external",
            "module.infrastructure.aws_subnet.internal",
            "module.infrastructure.aws_subnet.mgmt",
            "module.infrastructure.aws_vpc.vpc",
            "module.infrastructure.data.http.myip",
            "module.infrastructure.null_resource.wait_for_bigip_http"
          ]
        }
      ]
    },
    {
      "module": "module.configuration",
      "mode": "managed",
      "type": "bigip_net_selfip",
      "name": "internal_selfip",
      "provider": "provider[\"registry.terraform.io/f5networks/bigip\"]",
      "instances": [
        {
          "schema_version": 0,
          "attributes": {
            "id": "10.0.11.10",
            "ip": "10.0.11.10/24",
            "name": "10.0.11.10",
            "port_lockdown": [
              "none"
            ],
            "traffic_group": "traffic-group-local-only",
            "vlan": "/Common/internal"
          },
          "sensitive_attributes": [],
          "private": "bnVsbA==",
          "dependencies": [
            "module.configuration.bigip_net_vlan.internal",
            "module.infrastructure.aws_eip.eip_mgmt",
            "module.infrastructure.aws_eip.eip_vip",
            "module.infrastructure.aws_instance.big_ip",
            "module.infrastructure.aws_instance.webserver_1",
            "module.infrastructure.aws_instance.webserver_2",
            "module.infrastructure.aws_internet_gateway.default",
            "module.infrastructure.aws_network_interface.external",
            "module.infrastructure.aws_network_interface.internal",
            "module.infrastructure.aws_network_interface.mgmt",
            "module.infrastructure.aws_route.internet_access",
            "module.infrastructure.aws_route_table_association.route_table_external",
            "module.infrastructure.aws_route_table_association.route_table_internal",
            "module.infrastructure.aws_security_group.external",
            "module.infrastructure.aws_security_group.internal",
            "module.infrastructure.aws_security_group.mgmt",
            "module.infrastructure.aws_security_group.webserver",
            "module.infrastructure.aws_subnet.external",
            "module.infrastructure.aws_subnet.internal",
            "module.infrastructure.aws_subnet.mgmt",
            "module.infrastructure.aws_vpc.vpc",
            "module.infrastructure.data.http.myip",
            "module.infrastructure.null_resource.wait_for_bigip_http"
          ]
        }
      ]
    },
    {
      "module": "module.configuration",
      "mode": "managed",
      "type": "bigip_net_vlan",
      "name": "external",
      "provider": "provider[\"registry.terraform.io/f5networks/bigip\"]",
      "instances": [
        {
          "schema_version": 0,
          "attributes": {
            "cmp_hash": "default",
            "id": "external",
            "interfaces": [
              {
                "tagged": false,
                "vlanport": "1.1"
              }
            ],
            "mtu": 1500,
            "name": "external",
            "tag": 4094
          },
          "sensitive_attributes": [],
          "private": "bnVsbA==",
          "dependencies": [
            "module.infrastructure.aws_eip.eip_mgmt",
            "module.infrastructure.aws_eip.eip_vip",
            "module.infrastructure.aws_instance.big_ip",
            "module.infrastructure.aws_instance.webserver_1",
            "module.infrastructure.aws_instance.webserver_2",
            "module.infrastructure.aws_internet_gateway.default",
            "module.infrastructure.aws_network_interface.external",
            "module.infrastructure.aws_network_interface.internal",
            "module.infrastructure.aws_network_interface.mgmt",
            "module.infrastructure.aws_route.internet_access",
            "module.infrastructure.aws_route_table_association.route_table_external",
            "module.infrastructure.aws_route_table_association.route_table_internal",
            "module.infrastructure.aws_security_group.external",
            "module.infrastructure.aws_security_group.internal",
            "module.infrastructure.aws_security_group.mgmt",
            "module.infrastructure.aws_security_group.webserver",
            "module.infrastructure.aws_subnet.external",
            "module.infrastructure.aws_subnet.internal",
            "module.infrastructure.aws_subnet.mgmt",
            "module.infrastructure.aws_vpc.vpc",
            "module.infrastructure.data.http.myip",
            "module.infrastructure.null_resource.wait_for_bigip_http"
          ]
        }
      ]
    },
    {
      "module": "module.configuration",
      "mode": "managed",
      "type": "bigip_net_vlan",
      "name": "internal",
      "provider": "provider[\"registry.terraform.io/f5networks/bigip\"]",
      "instances": [
        {
          "schema_version": 0,
          "attributes": {
            "cmp_hash": "default",
            "id": "internal",
            "interfaces": [
              {
                "tagged": false,
                "vlanport": "1.2"
              }
            ],
            "mtu": 1500,
            "name": "internal",
            "tag": 4093
          },
          "sensitive_attributes": [],
          "private": "bnVsbA==",
          "dependencies": [
            "module.infrastructure.aws_eip.eip_mgmt",
            "module.infrastructure.aws_eip.eip_vip",
            "module.infrastructure.aws_instance.big_ip",
            "module.infrastructure.aws_instance.webserver_1",
            "module.infrastructure.aws_instance.webserver_2",
            "module.infrastructure.aws_internet_gateway.default",
            "module.infrastructure.aws_network_interface.external",
            "module.infrastructure.aws_network_interface.internal",
            "module.infrastructure.aws_network_interface.mgmt",
            "module.infrastructure.aws_route.internet_access",
            "module.infrastructure.aws_route_table_association.route_table_external",
            "module.infrastructure.aws_route_table_association.route_table_internal",
            "module.infrastructure.aws_security_group.external",
            "module.infrastructure.aws_security_group.internal",
            "module.infrastructure.aws_security_group.mgmt",
            "module.infrastructure.aws_security_group.webserver",
            "module.infrastructure.aws_subnet.external",
            "module.infrastructure.aws_subnet.internal",
            "module.infrastructure.aws_subnet.mgmt",
            "module.infrastructure.aws_vpc.vpc",
            "module.infrastructure.data.http.myip",
            "module.infrastructure.null_resource.wait_for_bigip_http"
          ]
        }
      ]
    },
    {
      "module": "module.infrastructure",
      "mode": "data",
      "type": "http",
      "name": "myip",
      "provider": "provider[\"registry.terraform.io/hashicorp/http\"]",
      "instances": [
        {
          "schema_version": 0,
          "attributes": {
            "body": "80.52.147.17",
            "ca_cert_pem": null,
            "client_cert_pem": null,
            "client_key_pem": null,
            "id": "https://ifconfig.me/ip",
            "insecure": null,
            "method": null,
            "request_body": null,
            "request_headers": null,
            "request_timeout_ms": null,
            "response_body": "80.52.147.17",
            "response_body_base64": "ODAuNTIuMTQ3LjE3",
            "response_headers": {
              "Access-Control-Allow-Origin": "*",
              "Alt-Svc": "h3=\":443\"; ma=2592000,h3-29=\":443\"; ma=2592000",
              "Content-Length": "12",
              "Content-Type": "text/plain",
              "Date": "Fri, 23 May 2025 17:05:35 GMT",
              "Via": "1.1 google"
            },
            "retry": null,
            "status_code": 200,
            "url": "https://ifconfig.me/ip"
          },
          "sensitive_attributes": []
        }
      ]
    },
    {
      "module": "module.infrastructure",
      "mode": "managed",
      "type": "aws_eip",
      "name": "eip_mgmt",
      "provider": "provider[\"registry.terraform.io/hashicorp/aws\"]",
      "instances": [
        {
          "schema_version": 0,
          "attributes": {
            "address": null,
            "allocation_id": "eipalloc-0c1c8cec0cceeefbb",
            "arn": "arn:aws:ec2:us-west-1:089622251853:elastic-ip/eipalloc-0c1c8cec0cceeefbb",
            "associate_with_private_ip": "10.0.10.10",
            "association_id": "eipassoc-04f1a332ca8c39783",
            "carrier_ip": "",
            "customer_owned_ip": "",
            "customer_owned_ipv4_pool": "",
            "domain": "vpc",
            "id": "eipalloc-0c1c8cec0cceeefbb",
            "instance": "",
            "ipam_pool_id": null,
            "network_border_group": "us-west-1",
            "network_interface": "eni-004ec4765e94fe4c3",
            "private_dns": "ip-10-0-10-10.us-west-1.compute.internal",
            "private_ip": "10.0.10.10",
            "ptr_record": "",
            "public_dns": "ec2-54-241-122-83.us-west-1.compute.amazonaws.com",
            "public_ip": "54.241.122.83",
            "public_ipv4_pool": "amazon",
            "tags": {
              "Environment": "lab",
              "Name": "f5lab"
            },
            "tags_all": {
              "Environment": "lab",
              "Name": "f5lab"
            },
            "timeouts": null,
            "vpc": true
          },
          "sensitive_attributes": [],
          "private": "eyJlMmJmYjczMC1lY2FhLTExZTYtOGY4OC0zNDM2M2JjN2M0YzAiOnsiZGVsZXRlIjoxODAwMDAwMDAwMDAsInJlYWQiOjkwMDAwMDAwMDAwMCwidXBkYXRlIjozMDAwMDAwMDAwMDB9fQ==",
          "dependencies": [
            "module.infrastructure.aws_network_interface.mgmt",
            "module.infrastructure.aws_security_group.mgmt",
            "module.infrastructure.aws_subnet.mgmt",
            "module.infrastructure.aws_vpc.vpc",
            "module.infrastructure.data.http.myip"
          ]
        }
      ]
    },
    {
      "module": "module.infrastructure",
      "mode": "managed",
      "type": "aws_eip",
      "name": "eip_vip",
      "provider": "provider[\"registry.terraform.io/hashicorp/aws\"]",
      "instances": [
        {
          "schema_version": 0,
          "attributes": {
            "address": null,
            "allocation_id": "eipalloc-0cd436ae624ca81d1",
            "arn": "arn:aws:ec2:us-west-1:089622251853:elastic-ip/eipalloc-0cd436ae624ca81d1",
            "associate_with_private_ip": "10.0.12.10",
            "association_id": "eipassoc-00e2e3e06ad2522e6",
            "carrier_ip": "",
            "customer_owned_ip": "",
            "customer_owned_ipv4_pool": "",
            "domain": "vpc",
            "id": "eipalloc-0cd436ae624ca81d1",
            "instance": "",
            "ipam_pool_id": null,
            "network_border_group": "us-west-1",
            "network_interface": "eni-02062735a6af01095",
            "private_dns": "ip-10-0-12-10.us-west-1.compute.internal",
            "private_ip": "10.0.12.10",
            "ptr_record": "",
            "public_dns": "ec2-54-241-247-97.us-west-1.compute.amazonaws.com",
            "public_ip": "54.241.247.97",
            "public_ipv4_pool": "amazon",
            "tags": {
              "Environment": "lab",
              "Name": "f5lab"
            },
            "tags_all": {
              "Environment": "lab",
              "Name": "f5lab"
            },
            "timeouts": null,
            "vpc": true
          },
          "sensitive_attributes": [],
          "private": "eyJlMmJmYjczMC1lY2FhLTExZTYtOGY4OC0zNDM2M2JjN2M0YzAiOnsiZGVsZXRlIjoxODAwMDAwMDAwMDAsInJlYWQiOjkwMDAwMDAwMDAwMCwidXBkYXRlIjozMDAwMDAwMDAwMDB9fQ==",
          "dependencies": [
            "module.infrastructure.aws_network_interface.external",
            "module.infrastructure.aws_security_group.external",
            "module.infrastructure.aws_subnet.external",
            "module.infrastructure.aws_vpc.vpc"
          ]
        }
      ]
    },
    {
      "module": "module.infrastructure",
      "mode": "managed",
      "type": "aws_instance",
      "name": "big_ip",
      "provider": "provider[\"registry.terraform.io/hashicorp/aws\"]",
      "instances": [
        {
          "schema_version": 1,
          "attributes": {
            "ami": "ami-0f3013461e16d9249",
            "arn": "arn:aws:ec2:us-west-1:089622251853:instance/i-0b74cc032702c971d",
            "associate_public_ip_address": true,
            "availability_zone": "us-west-1a",
            "capacity_reservation_specification": [
              {
                "capacity_reservation_preference": "open",
                "capacity_reservation_target": []
              }
            ],
            "cpu_core_count": 2,
            "cpu_options": [
              {
                "amd_sev_snp": "",
                "core_count": 2,
                "threads_per_core": 2
              }
            ],
            "cpu_threads_per_core": 2,
            "credit_specification": [],
            "disable_api_stop": false,
            "disable_api_termination": false,
            "ebs_block_device": [],
            "ebs_optimized": false,
            "enable_primary_ipv6": null,
            "enclave_options": [
              {
                "enabled": false
              }
            ],
            "ephemeral_block_device": [],
            "get_password_data": false,
            "hibernation": false,
            "host_id": "",
            "host_resource_group_arn": null,
            "iam_instance_profile": "",
            "id": "i-0b74cc032702c971d",
            "instance_initiated_shutdown_behavior": "stop",
            "instance_lifecycle": "",
            "instance_market_options": [],
            "instance_state": "running",
            "instance_type": "m5.xlarge",
            "ipv6_address_count": 0,
            "ipv6_addresses": [],
            "key_name": "demolab",
            "launch_template": [],
            "maintenance_options": [
              {
                "auto_recovery": "default"
              }
            ],
            "metadata_options": [
              {
                "http_endpoint": "enabled",
                "http_protocol_ipv6": "disabled",
                "http_put_response_hop_limit": 1,
                "http_tokens": "optional",
                "instance_metadata_tags": "disabled"
              }
            ],
            "monitoring": false,
            "network_interface": [
              {
                "delete_on_termination": false,
                "device_index": 0,
                "network_card_index": 0,
                "network_interface_id": "eni-004ec4765e94fe4c3"
              },
              {
                "delete_on_termination": false,
                "device_index": 1,
                "network_card_index": 0,
                "network_interface_id": "eni-02062735a6af01095"
              },
              {
                "delete_on_termination": false,
                "device_index": 2,
                "network_card_index": 0,
                "network_interface_id": "eni-0158aa6740b1b6a6f"
              }
            ],
            "outpost_arn": "",
            "password_data": "",
            "placement_group": "",
            "placement_partition_number": 0,
            "primary_network_interface_id": "eni-004ec4765e94fe4c3",
            "private_dns": "ip-10-0-10-10.us-west-1.compute.internal",
            "private_dns_name_options": [
              {
                "enable_resource_name_dns_a_record": false,
                "enable_resource_name_dns_aaaa_record": false,
                "hostname_type": "ip-name"
              }
            ],
            "private_ip": "10.0.10.10",
            "public_dns": "",
            "public_ip": "54.241.122.83",
            "root_block_device": [
              {
                "delete_on_termination": true,
                "device_name": "/dev/xvda",
                "encrypted": false,
                "iops": 120,
                "kms_key_id": "",
                "tags": {},
                "tags_all": {},
                "throughput": 0,
                "volume_id": "vol-0a59cd75609fde928",
                "volume_size": 40,
                "volume_type": "gp2"
              }
            ],
            "secondary_private_ips": [],
            "security_groups": [],
            "source_dest_check": true,
            "spot_instance_request_id": "",
            "subnet_id": "subnet-0e3ada28e141abb26",
            "tags": {
              "CostCenter": "f5lab",
              "Environment": "lab",
              "Name": "bigip"
            },
            "tags_all": {
              "CostCenter": "f5lab",
              "Environment": "lab",
              "Name": "bigip"
            },
            "tenancy": "default",
            "timeouts": null,
            "user_data": "789a32723ccbce16d48f71bb0acc6e7b007180c4",
            "user_data_base64": null,
            "user_data_replace_on_change": true,
            "volume_tags": null,
            "vpc_security_group_ids": [
              "sg-037fca549c8fd214b"
            ]
          },
          "sensitive_attributes": [],
          "private": "eyJlMmJmYjczMC1lY2FhLTExZTYtOGY4OC0zNDM2M2JjN2M0YzAiOnsiY3JlYXRlIjo2MDAwMDAwMDAwMDAsImRlbGV0ZSI6MTIwMDAwMDAwMDAwMCwicmVhZCI6OTAwMDAwMDAwMDAwLCJ1cGRhdGUiOjYwMDAwMDAwMDAwMH0sInNjaGVtYV92ZXJzaW9uIjoiMSJ9",
          "dependencies": [
            "module.infrastructure.aws_network_interface.external",
            "module.infrastructure.aws_network_interface.internal",
            "module.infrastructure.aws_network_interface.mgmt",
            "module.infrastructure.aws_security_group.external",
            "module.infrastructure.aws_security_group.internal",
            "module.infrastructure.aws_security_group.mgmt",
            "module.infrastructure.aws_subnet.external",
            "module.infrastructure.aws_subnet.internal",
            "module.infrastructure.aws_subnet.mgmt",
            "module.infrastructure.aws_vpc.vpc",
            "module.infrastructure.data.http.myip"
          ]
        }
      ]
    },
    {
      "module": "module.infrastructure",
      "mode": "managed",
      "type": "aws_instance",
      "name": "webserver_1",
      "provider": "provider[\"registry.terraform.io/hashicorp/aws\"]",
      "instances": [
        {
          "schema_version": 1,
          "attributes": {
            "ami": "ami-04f7a54071e74f488",
            "arn": "arn:aws:ec2:us-west-1:089622251853:instance/i-030ba5fd95c4c55f9",
            "associate_public_ip_address": true,
            "availability_zone": "us-west-1a",
            "capacity_reservation_specification": [
              {
                "capacity_reservation_preference": "open",
                "capacity_reservation_target": []
              }
            ],
            "cpu_core_count": 1,
            "cpu_options": [
              {
                "amd_sev_snp": "",
                "core_count": 1,
                "threads_per_core": 1
              }
            ],
            "cpu_threads_per_core": 1,
            "credit_specification": [
              {
                "cpu_credits": "standard"
              }
            ],
            "disable_api_stop": false,
            "disable_api_termination": false,
            "ebs_block_device": [],
            "ebs_optimized": false,
            "enable_primary_ipv6": null,
            "enclave_options": [
              {
                "enabled": false
              }
            ],
            "ephemeral_block_device": [],
            "get_password_data": false,
            "hibernation": false,
            "host_id": "",
            "host_resource_group_arn": null,
            "iam_instance_profile": "",
            "id": "i-030ba5fd95c4c55f9",
            "instance_initiated_shutdown_behavior": "stop",
            "instance_lifecycle": "",
            "instance_market_options": [],
            "instance_state": "running",
            "instance_type": "t2.micro",
            "ipv6_address_count": 0,
            "ipv6_addresses": [],
            "key_name": "demolab",
            "launch_template": [],
            "maintenance_options": [
              {
                "auto_recovery": "default"
              }
            ],
            "metadata_options": [
              {
                "http_endpoint": "enabled",
                "http_protocol_ipv6": "disabled",
                "http_put_response_hop_limit": 2,
                "http_tokens": "required",
                "instance_metadata_tags": "disabled"
              }
            ],
            "monitoring": false,
            "network_interface": [],
            "outpost_arn": "",
            "password_data": "",
            "placement_group": "",
            "placement_partition_number": 0,
            "primary_network_interface_id": "eni-0b56fd019dcc17b16",
            "private_dns": "ip-10-0-12-101.us-west-1.compute.internal",
            "private_dns_name_options": [
              {
                "enable_resource_name_dns_a_record": false,
                "enable_resource_name_dns_aaaa_record": false,
                "hostname_type": "ip-name"
              }
            ],
            "private_ip": "10.0.12.101",
            "public_dns": "",
            "public_ip": "13.57.211.230",
            "root_block_device": [
              {
                "delete_on_termination": true,
                "device_name": "/dev/sda1",
                "encrypted": false,
                "iops": 3000,
                "kms_key_id": "",
                "tags": {},
                "tags_all": {},
                "throughput": 125,
                "volume_id": "vol-02cd694206dd8a390",
                "volume_size": 8,
                "volume_type": "gp3"
              }
            ],
            "secondary_private_ips": [],
            "security_groups": [
              "sg-0b65064f691d760e8"
            ],
            "source_dest_check": true,
            "spot_instance_request_id": "",
            "subnet_id": "subnet-0ce13828df67a37c7",
            "tags": {
              "Environment": "lab",
              "Name": "webserver_1"
            },
            "tags_all": {
              "Environment": "lab",
              "Name": "webserver_1"
            },
            "tenancy": "default",
            "timeouts": null,
            "user_data": "7b715db6abd4f210dd95ebf92e0ebbfd734f955e",
            "user_data_base64": null,
            "user_data_replace_on_change": false,
            "volume_tags": null,
            "vpc_security_group_ids": [
              "sg-0b65064f691d760e8"
            ]
          },
          "sensitive_attributes": [],
          "private": "eyJlMmJmYjczMC1lY2FhLTExZTYtOGY4OC0zNDM2M2JjN2M0YzAiOnsiY3JlYXRlIjo2MDAwMDAwMDAwMDAsImRlbGV0ZSI6MTIwMDAwMDAwMDAwMCwicmVhZCI6OTAwMDAwMDAwMDAwLCJ1cGRhdGUiOjYwMDAwMDAwMDAwMH0sInNjaGVtYV92ZXJzaW9uIjoiMSJ9",
          "dependencies": [
            "module.infrastructure.aws_security_group.webserver",
            "module.infrastructure.aws_subnet.external",
            "module.infrastructure.aws_vpc.vpc"
          ]
        }
      ]
    },
    {
      "module": "module.infrastructure",
      "mode": "managed",
      "type": "aws_instance",
      "name": "webserver_2",
      "provider": "provider[\"registry.terraform.io/hashicorp/aws\"]",
      "instances": [
        {
          "schema_version": 1,
          "attributes": {
            "ami": "ami-04f7a54071e74f488",
            "arn": "arn:aws:ec2:us-west-1:089622251853:instance/i-0267480ab05e3c1af",
            "associate_public_ip_address": true,
            "availability_zone": "us-west-1a",
            "capacity_reservation_specification": [
              {
                "capacity_reservation_preference": "open",
                "capacity_reservation_target": []
              }
            ],
            "cpu_core_count": 1,
            "cpu_options": [
              {
                "amd_sev_snp": "",
                "core_count": 1,
                "threads_per_core": 1
              }
            ],
            "cpu_threads_per_core": 1,
            "credit_specification": [
              {
                "cpu_credits": "standard"
              }
            ],
            "disable_api_stop": false,
            "disable_api_termination": false,
            "ebs_block_device": [],
            "ebs_optimized": false,
            "enable_primary_ipv6": null,
            "enclave_options": [
              {
                "enabled": false
              }
            ],
            "ephemeral_block_device": [],
            "get_password_data": false,
            "hibernation": false,
            "host_id": "",
            "host_resource_group_arn": null,
            "iam_instance_profile": "",
            "id": "i-0267480ab05e3c1af",
            "instance_initiated_shutdown_behavior": "stop",
            "instance_lifecycle": "",
            "instance_market_options": [],
            "instance_state": "running",
            "instance_type": "t2.micro",
            "ipv6_address_count": 0,
            "ipv6_addresses": [],
            "key_name": "demolab",
            "launch_template": [],
            "maintenance_options": [
              {
                "auto_recovery": "default"
              }
            ],
            "metadata_options": [
              {
                "http_endpoint": "enabled",
                "http_protocol_ipv6": "disabled",
                "http_put_response_hop_limit": 2,
                "http_tokens": "required",
                "instance_metadata_tags": "disabled"
              }
            ],
            "monitoring": false,
            "network_interface": [],
            "outpost_arn": "",
            "password_data": "",
            "placement_group": "",
            "placement_partition_number": 0,
            "primary_network_interface_id": "eni-082b76fa4f9fdb5fb",
            "private_dns": "ip-10-0-12-102.us-west-1.compute.internal",
            "private_dns_name_options": [
              {
                "enable_resource_name_dns_a_record": false,
                "enable_resource_name_dns_aaaa_record": false,
                "hostname_type": "ip-name"
              }
            ],
            "private_ip": "10.0.12.102",
            "public_dns": "",
            "public_ip": "54.176.239.249",
            "root_block_device": [
              {
                "delete_on_termination": true,
                "device_name": "/dev/sda1",
                "encrypted": false,
                "iops": 3000,
                "kms_key_id": "",
                "tags": {},
                "tags_all": {},
                "throughput": 125,
                "volume_id": "vol-0a2df196cc2929779",
                "volume_size": 8,
                "volume_type": "gp3"
              }
            ],
            "secondary_private_ips": [],
            "security_groups": [
              "sg-0b65064f691d760e8"
            ],
            "source_dest_check": true,
            "spot_instance_request_id": "",
            "subnet_id": "subnet-0ce13828df67a37c7",
            "tags": {
              "Environment": "lab",
              "Name": "webserver_2"
            },
            "tags_all": {
              "Environment": "lab",
              "Name": "webserver_2"
            },
            "tenancy": "default",
            "timeouts": null,
            "user_data": "7b715db6abd4f210dd95ebf92e0ebbfd734f955e",
            "user_data_base64": null,
            "user_data_replace_on_change": false,
            "volume_tags": null,
            "vpc_security_group_ids": [
              "sg-0b65064f691d760e8"
            ]
          },
          "sensitive_attributes": [],
          "private": "eyJlMmJmYjczMC1lY2FhLTExZTYtOGY4OC0zNDM2M2JjN2M0YzAiOnsiY3JlYXRlIjo2MDAwMDAwMDAwMDAsImRlbGV0ZSI6MTIwMDAwMDAwMDAwMCwicmVhZCI6OTAwMDAwMDAwMDAwLCJ1cGRhdGUiOjYwMDAwMDAwMDAwMH0sInNjaGVtYV92ZXJzaW9uIjoiMSJ9",
          "dependencies": [
            "module.infrastructure.aws_security_group.webserver",
            "module.infrastructure.aws_subnet.external",
            "module.infrastructure.aws_vpc.vpc"
          ]
        }
      ]
    },
    {
      "module": "module.infrastructure",
      "mode": "managed",
      "type": "aws_internet_gateway",
      "name": "default",
      "provider": "provider[\"registry.terraform.io/hashicorp/aws\"]",
      "instances": [
        {
          "schema_version": 0,
          "attributes": {
            "arn": "arn:aws:ec2:us-west-1:089622251853:internet-gateway/igw-03c9db31b1013441d",
            "id": "igw-03c9db31b1013441d",
            "owner_id": "089622251853",
            "tags": {
              "Environment": "lab",
              "Name": "f5lab"
            },
            "tags_all": {
              "Environment": "lab",
              "Name": "f5lab"
            },
            "timeouts": null,
            "vpc_id": "vpc-07a427990ad1984e9"
          },
          "sensitive_attributes": [],
          "private": "eyJlMmJmYjczMC1lY2FhLTExZTYtOGY4OC0zNDM2M2JjN2M0YzAiOnsiY3JlYXRlIjoxMjAwMDAwMDAwMDAwLCJkZWxldGUiOjEyMDAwMDAwMDAwMDAsInVwZGF0ZSI6MTIwMDAwMDAwMDAwMH19",
          "dependencies": [
            "module.infrastructure.aws_vpc.vpc"
          ]
        }
      ]
    },
    {
      "module": "module.infrastructure",
      "mode": "managed",
      "type": "aws_network_interface",
      "name": "external",
      "provider": "provider[\"registry.terraform.io/hashicorp/aws\"]",
      "instances": [
        {
          "schema_version": 0,
          "attributes": {
            "arn": "arn:aws:ec2:us-west-1:089622251853:network-interface/eni-02062735a6af01095",
            "attachment": [],
            "description": "",
            "enable_primary_ipv6": null,
            "id": "eni-02062735a6af01095",
            "interface_type": "interface",
            "ipv4_prefix_count": 0,
            "ipv4_prefixes": [],
            "ipv6_address_count": 0,
            "ipv6_address_list": [],
            "ipv6_address_list_enabled": false,
            "ipv6_addresses": [],
            "ipv6_prefix_count": 0,
            "ipv6_prefixes": [],
            "mac_address": "06:8b:65:a8:b0:2d",
            "outpost_arn": "",
            "owner_id": "089622251853",
            "private_dns_name": "",
            "private_ip": "10.0.12.10",
            "private_ip_list": [
              "10.0.12.10"
            ],
            "private_ip_list_enabled": false,
            "private_ips": [
              "10.0.12.10"
            ],
            "private_ips_count": 0,
            "security_groups": [
              "sg-06a315bf6100a0418"
            ],
            "source_dest_check": true,
            "subnet_id": "subnet-0ce13828df67a37c7",
            "tags": {
              "Environment": "lab",
              "Name": "f5lab"
            },
            "tags_all": {
              "Environment": "lab",
              "Name": "f5lab"
            }
          },
          "sensitive_attributes": [],
          "private": "bnVsbA==",
          "dependencies": [
            "module.infrastructure.aws_security_group.external",
            "module.infrastructure.aws_subnet.external",
            "module.infrastructure.aws_vpc.vpc"
          ]
        }
      ]
    },
    {
      "module": "module.infrastructure",
      "mode": "managed",
      "type": "aws_network_interface",
      "name": "internal",
      "provider": "provider[\"registry.terraform.io/hashicorp/aws\"]",
      "instances": [
        {
          "schema_version": 0,
          "attributes": {
            "arn": "arn:aws:ec2:us-west-1:089622251853:network-interface/eni-0158aa6740b1b6a6f",
            "attachment": [],
            "description": "",
            "enable_primary_ipv6": null,
            "id": "eni-0158aa6740b1b6a6f",
            "interface_type": "interface",
            "ipv4_prefix_count": 0,
            "ipv4_prefixes": [],
            "ipv6_address_count": 0,
            "ipv6_address_list": [],
            "ipv6_address_list_enabled": false,
            "ipv6_addresses": [],
            "ipv6_prefix_count": 0,
            "ipv6_prefixes": [],
            "mac_address": "06:72:82:8a:2c:a9",
            "outpost_arn": "",
            "owner_id": "089622251853",
            "private_dns_name": "",
            "private_ip": "10.0.11.10",
            "private_ip_list": [
              "10.0.11.10"
            ],
            "private_ip_list_enabled": false,
            "private_ips": [
              "10.0.11.10"
            ],
            "private_ips_count": 0,
            "security_groups": [
              "sg-0ff68449e081fa833"
            ],
            "source_dest_check": true,
            "subnet_id": "subnet-018f20defe78b4b36",
            "tags": {
              "Environment": "lab",
              "Name": "f5lab"
            },
            "tags_all": {
              "Environment": "lab",
              "Name": "f5lab"
            }
          },
          "sensitive_attributes": [],
          "private": "bnVsbA==",
          "dependencies": [
            "module.infrastructure.aws_security_group.internal",
            "module.infrastructure.aws_subnet.internal",
            "module.infrastructure.aws_vpc.vpc"
          ]
        }
      ]
    },
    {
      "module": "module.infrastructure",
      "mode": "managed",
      "type": "aws_network_interface",
      "name": "mgmt",
      "provider": "provider[\"registry.terraform.io/hashicorp/aws\"]",
      "instances": [
        {
          "schema_version": 0,
          "attributes": {
            "arn": "arn:aws:ec2:us-west-1:089622251853:network-interface/eni-004ec4765e94fe4c3",
            "attachment": [],
            "description": "",
            "enable_primary_ipv6": null,
            "id": "eni-004ec4765e94fe4c3",
            "interface_type": "interface",
            "ipv4_prefix_count": 0,
            "ipv4_prefixes": [],
            "ipv6_address_count": 0,
            "ipv6_address_list": [],
            "ipv6_address_list_enabled": false,
            "ipv6_addresses": [],
            "ipv6_prefix_count": 0,
            "ipv6_prefixes": [],
            "mac_address": "06:03:74:fc:15:35",
            "outpost_arn": "",
            "owner_id": "089622251853",
            "private_dns_name": "",
            "private_ip": "10.0.10.10",
            "private_ip_list": [
              "10.0.10.10"
            ],
            "private_ip_list_enabled": false,
            "private_ips": [
              "10.0.10.10"
            ],
            "private_ips_count": 0,
            "security_groups": [
              "sg-037fca549c8fd214b"
            ],
            "source_dest_check": true,
            "subnet_id": "subnet-0e3ada28e141abb26",
            "tags": {
              "Environment": "lab",
              "Name": "f5lab"
            },
            "tags_all": {
              "Environment": "lab",
              "Name": "f5lab"
            }
          },
          "sensitive_attributes": [],
          "private": "bnVsbA==",
          "dependencies": [
            "module.infrastructure.aws_security_group.mgmt",
            "module.infrastructure.aws_subnet.mgmt",
            "module.infrastructure.aws_vpc.vpc",
            "module.infrastructure.data.http.myip"
          ]
        }
      ]
    },
    {
      "module": "module.infrastructure",
      "mode": "managed",
      "type": "aws_route",
      "name": "internet_access",
      "provider": "provider[\"registry.terraform.io/hashicorp/aws\"]",
      "instances": [
        {
          "schema_version": 0,
          "attributes": {
            "carrier_gateway_id": "",
            "core_network_arn": "",
            "destination_cidr_block": "0.0.0.0/0",
            "destination_ipv6_cidr_block": "",
            "destination_prefix_list_id": "",
            "egress_only_gateway_id": "",
            "gateway_id": "igw-03c9db31b1013441d",
            "id": "r-rtb-055ac8e03001860d31080289494",
            "instance_id": "",
            "instance_owner_id": "",
            "local_gateway_id": "",
            "nat_gateway_id": "",
            "network_interface_id": "",
            "origin": "CreateRoute",
            "route_table_id": "rtb-055ac8e03001860d3",
            "state": "active",
            "timeouts": null,
            "transit_gateway_id": "",
            "vpc_endpoint_id": "",
            "vpc_peering_connection_id": ""
          },
          "sensitive_attributes": [],
          "private": "eyJlMmJmYjczMC1lY2FhLTExZTYtOGY4OC0zNDM2M2JjN2M0YzAiOnsiY3JlYXRlIjozMDAwMDAwMDAwMDAsImRlbGV0ZSI6MzAwMDAwMDAwMDAwLCJ1cGRhdGUiOjEyMDAwMDAwMDAwMH19",
          "dependencies": [
            "module.infrastructure.aws_internet_gateway.default",
            "module.infrastructure.aws_vpc.vpc"
          ]
        }
      ]
    },
    {
      "module": "module.infrastructure",
      "mode": "managed",
      "type": "aws_route_table_association",
      "name": "route_table_external",
      "provider": "provider[\"registry.terraform.io/hashicorp/aws\"]",
      "instances": [
        {
          "schema_version": 0,
          "attributes": {
            "gateway_id": "",
            "id": "rtbassoc-0daf349d9657800e7",
            "route_table_id": "rtb-055ac8e03001860d3",
            "subnet_id": "subnet-0ce13828df67a37c7",
            "timeouts": null
          },
          "sensitive_attributes": [],
          "private": "eyJlMmJmYjczMC1lY2FhLTExZTYtOGY4OC0zNDM2M2JjN2M0YzAiOnsiY3JlYXRlIjozMDAwMDAwMDAwMDAsImRlbGV0ZSI6MzAwMDAwMDAwMDAwLCJ1cGRhdGUiOjEyMDAwMDAwMDAwMH19",
          "dependencies": [
            "module.infrastructure.aws_subnet.external",
            "module.infrastructure.aws_vpc.vpc"
          ]
        }
      ]
    },
    {
      "module": "module.infrastructure",
      "mode": "managed",
      "type": "aws_route_table_association",
      "name": "route_table_internal",
      "provider": "provider[\"registry.terraform.io/hashicorp/aws\"]",
      "instances": [
        {
          "schema_version": 0,
          "attributes": {
            "gateway_id": "",
            "id": "rtbassoc-0e61d33321f61acf2",
            "route_table_id": "rtb-055ac8e03001860d3",
            "subnet_id": "subnet-018f20defe78b4b36",
            "timeouts": null
          },
          "sensitive_attributes": [],
          "private": "eyJlMmJmYjczMC1lY2FhLTExZTYtOGY4OC0zNDM2M2JjN2M0YzAiOnsiY3JlYXRlIjozMDAwMDAwMDAwMDAsImRlbGV0ZSI6MzAwMDAwMDAwMDAwLCJ1cGRhdGUiOjEyMDAwMDAwMDAwMH19",
          "dependencies": [
            "module.infrastructure.aws_subnet.internal",
            "module.infrastructure.aws_vpc.vpc"
          ]
        }
      ]
    },
    {
      "module": "module.infrastructure",
      "mode": "managed",
      "type": "aws_security_group",
      "name": "external",
      "provider": "provider[\"registry.terraform.io/hashicorp/aws\"]",
      "instances": [
        {
          "schema_version": 1,
          "attributes": {
            "arn": "arn:aws:ec2:us-west-1:089622251853:security-group/sg-06a315bf6100a0418",
            "description": "allow http and https access to the external interface",
            "egress": [
              {
                "cidr_blocks": [
                  "0.0.0.0/0"
                ],
                "description": "",
                "from_port": 0,
                "ipv6_cidr_blocks": [],
                "prefix_list_ids": [],
                "protocol": "-1",
                "security_groups": [],
                "self": false,
                "to_port": 0
              }
            ],
            "id": "sg-06a315bf6100a0418",
            "ingress": [
              {
                "cidr_blocks": [
                  "0.0.0.0/0"
                ],
                "description": "",
                "from_port": 443,
                "ipv6_cidr_blocks": [],
                "prefix_list_ids": [],
                "protocol": "tcp",
                "security_groups": [],
                "self": false,
                "to_port": 443
              },
              {
                "cidr_blocks": [
                  "0.0.0.0/0"
                ],
                "description": "",
                "from_port": 80,
                "ipv6_cidr_blocks": [],
                "prefix_list_ids": [],
                "protocol": "tcp",
                "security_groups": [],
                "self": false,
                "to_port": 80
              }
            ],
            "name": "bigip_external",
            "name_prefix": "",
            "owner_id": "089622251853",
            "revoke_rules_on_delete": false,
            "tags": {
              "Environment": "lab",
              "Name": "f5lab"
            },
            "tags_all": {
              "Environment": "lab",
              "Name": "f5lab"
            },
            "timeouts": null,
            "vpc_id": "vpc-07a427990ad1984e9"
          },
          "sensitive_attributes": [],
          "private": "eyJlMmJmYjczMC1lY2FhLTExZTYtOGY4OC0zNDM2M2JjN2M0YzAiOnsiY3JlYXRlIjo2MDAwMDAwMDAwMDAsImRlbGV0ZSI6OTAwMDAwMDAwMDAwfSwic2NoZW1hX3ZlcnNpb24iOiIxIn0=",
          "dependencies": [
            "module.infrastructure.aws_vpc.vpc"
          ]
        }
      ]
    },
    {
      "module": "module.infrastructure",
      "mode": "managed",
      "type": "aws_security_group",
      "name": "internal",
      "provider": "provider[\"registry.terraform.io/hashicorp/aws\"]",
      "instances": [
        {
          "schema_version": 1,
          "attributes": {
            "arn": "arn:aws:ec2:us-west-1:089622251853:security-group/sg-0ff68449e081fa833",
            "description": "allow egress traffic to the internal interface",
            "egress": [
              {
                "cidr_blocks": [
                  "0.0.0.0/0"
                ],
                "description": "",
                "from_port": 0,
                "ipv6_cidr_blocks": [],
                "prefix_list_ids": [],
                "protocol": "-1",
                "security_groups": [],
                "self": false,
                "to_port": 0
              }
            ],
            "id": "sg-0ff68449e081fa833",
            "ingress": [],
            "name": "bigip_internal",
            "name_prefix": "",
            "owner_id": "089622251853",
            "revoke_rules_on_delete": false,
            "tags": {
              "Environment": "lab",
              "Name": "f5lab"
            },
            "tags_all": {
              "Environment": "lab",
              "Name": "f5lab"
            },
            "timeouts": null,
            "vpc_id": "vpc-07a427990ad1984e9"
          },
          "sensitive_attributes": [],
          "private": "eyJlMmJmYjczMC1lY2FhLTExZTYtOGY4OC0zNDM2M2JjN2M0YzAiOnsiY3JlYXRlIjo2MDAwMDAwMDAwMDAsImRlbGV0ZSI6OTAwMDAwMDAwMDAwfSwic2NoZW1hX3ZlcnNpb24iOiIxIn0=",
          "dependencies": [
            "module.infrastructure.aws_vpc.vpc"
          ]
        }
      ]
    },
    {
      "module": "module.infrastructure",
      "mode": "managed",
      "type": "aws_security_group",
      "name": "mgmt",
      "provider": "provider[\"registry.terraform.io/hashicorp/aws\"]",
      "instances": [
        {
          "schema_version": 1,
          "attributes": {
            "arn": "arn:aws:ec2:us-west-1:089622251853:security-group/sg-037fca549c8fd214b",
            "description": "allow ssh and https access to the management interface",
            "egress": [
              {
                "cidr_blocks": [
                  "0.0.0.0/0"
                ],
                "description": "",
                "from_port": 0,
                "ipv6_cidr_blocks": [],
                "prefix_list_ids": [],
                "protocol": "-1",
                "security_groups": [],
                "self": false,
                "to_port": 0
              }
            ],
            "id": "sg-037fca549c8fd214b",
            "ingress": [
              {
                "cidr_blocks": [
                  "80.52.147.17/32"
                ],
                "description": "",
                "from_port": 22,
                "ipv6_cidr_blocks": [],
                "prefix_list_ids": [],
                "protocol": "tcp",
                "security_groups": [],
                "self": false,
                "to_port": 22
              },
              {
                "cidr_blocks": [
                  "80.52.147.17/32"
                ],
                "description": "",
                "from_port": 443,
                "ipv6_cidr_blocks": [],
                "prefix_list_ids": [],
                "protocol": "tcp",
                "security_groups": [],
                "self": false,
                "to_port": 443
              }
            ],
            "name": "bigip_mgmt",
            "name_prefix": "",
            "owner_id": "089622251853",
            "revoke_rules_on_delete": false,
            "tags": {
              "Environment": "lab",
              "Name": "f5lab"
            },
            "tags_all": {
              "Environment": "lab",
              "Name": "f5lab"
            },
            "timeouts": null,
            "vpc_id": "vpc-07a427990ad1984e9"
          },
          "sensitive_attributes": [],
          "private": "eyJlMmJmYjczMC1lY2FhLTExZTYtOGY4OC0zNDM2M2JjN2M0YzAiOnsiY3JlYXRlIjo2MDAwMDAwMDAwMDAsImRlbGV0ZSI6OTAwMDAwMDAwMDAwfSwic2NoZW1hX3ZlcnNpb24iOiIxIn0=",
          "dependencies": [
            "module.infrastructure.aws_vpc.vpc",
            "module.infrastructure.data.http.myip"
          ]
        }
      ]
    },
    {
      "module": "module.infrastructure",
      "mode": "managed",
      "type": "aws_security_group",
      "name": "webserver",
      "provider": "provider[\"registry.terraform.io/hashicorp/aws\"]",
      "instances": [
        {
          "schema_version": 1,
          "attributes": {
            "arn": "arn:aws:ec2:us-west-1:089622251853:security-group/sg-0b65064f691d760e8",
            "description": "allow http access to the webserver",
            "egress": [
              {
                "cidr_blocks": [
                  "0.0.0.0/0"
                ],
                "description": "",
                "from_port": 0,
                "ipv6_cidr_blocks": [],
                "prefix_list_ids": [],
                "protocol": "-1",
                "security_groups": [],
                "self": false,
                "to_port": 0
              }
            ],
            "id": "sg-0b65064f691d760e8",
            "ingress": [
              {
                "cidr_blocks": [
                  "0.0.0.0/0"
                ],
                "description": "",
                "from_port": 80,
                "ipv6_cidr_blocks": [],
                "prefix_list_ids": [],
                "protocol": "tcp",
                "security_groups": [],
                "self": false,
                "to_port": 80
              }
            ],
            "name": "webserver",
            "name_prefix": "",
            "owner_id": "089622251853",
            "revoke_rules_on_delete": false,
            "tags": null,
            "tags_all": {},
            "timeouts": null,
            "vpc_id": "vpc-07a427990ad1984e9"
          },
          "sensitive_attributes": [],
          "private": "eyJlMmJmYjczMC1lY2FhLTExZTYtOGY4OC0zNDM2M2JjN2M0YzAiOnsiY3JlYXRlIjo2MDAwMDAwMDAwMDAsImRlbGV0ZSI6OTAwMDAwMDAwMDAwfSwic2NoZW1hX3ZlcnNpb24iOiIxIn0=",
          "dependencies": [
            "module.infrastructure.aws_vpc.vpc"
          ]
        }
      ]
    },
    {
      "module": "module.infrastructure",
      "mode": "managed",
      "type": "aws_subnet",
      "name": "external",
      "provider": "provider[\"registry.terraform.io/hashicorp/aws\"]",
      "instances": [
        {
          "schema_version": 1,
          "attributes": {
            "arn": "arn:aws:ec2:us-west-1:089622251853:subnet/subnet-0ce13828df67a37c7",
            "assign_ipv6_address_on_creation": false,
            "availability_zone": "us-west-1a",
            "availability_zone_id": "usw1-az3",
            "cidr_block": "10.0.12.0/24",
            "customer_owned_ipv4_pool": "",
            "enable_dns64": false,
            "enable_lni_at_device_index": 0,
            "enable_resource_name_dns_a_record_on_launch": false,
            "enable_resource_name_dns_aaaa_record_on_launch": false,
            "id": "subnet-0ce13828df67a37c7",
            "ipv6_cidr_block": "",
            "ipv6_cidr_block_association_id": "",
            "ipv6_native": false,
            "map_customer_owned_ip_on_launch": false,
            "map_public_ip_on_launch": true,
            "outpost_arn": "",
            "owner_id": "089622251853",
            "private_dns_hostname_type_on_launch": "ip-name",
            "tags": {
              "Environment": "lab",
              "Name": "f5lab"
            },
            "tags_all": {
              "Environment": "lab",
              "Name": "f5lab"
            },
            "timeouts": null,
            "vpc_id": "vpc-07a427990ad1984e9"
          },
          "sensitive_attributes": [],
          "private": "eyJlMmJmYjczMC1lY2FhLTExZTYtOGY4OC0zNDM2M2JjN2M0YzAiOnsiY3JlYXRlIjo2MDAwMDAwMDAwMDAsImRlbGV0ZSI6MTIwMDAwMDAwMDAwMH0sInNjaGVtYV92ZXJzaW9uIjoiMSJ9",
          "dependencies": [
            "module.infrastructure.aws_vpc.vpc"
          ]
        }
      ]
    },
    {
      "module": "module.infrastructure",
      "mode": "managed",
      "type": "aws_subnet",
      "name": "internal",
      "provider": "provider[\"registry.terraform.io/hashicorp/aws\"]",
      "instances": [
        {
          "schema_version": 1,
          "attributes": {
            "arn": "arn:aws:ec2:us-west-1:089622251853:subnet/subnet-018f20defe78b4b36",
            "assign_ipv6_address_on_creation": false,
            "availability_zone": "us-west-1a",
            "availability_zone_id": "usw1-az3",
            "cidr_block": "10.0.11.0/24",
            "customer_owned_ipv4_pool": "",
            "enable_dns64": false,
            "enable_lni_at_device_index": 0,
            "enable_resource_name_dns_a_record_on_launch": false,
            "enable_resource_name_dns_aaaa_record_on_launch": false,
            "id": "subnet-018f20defe78b4b36",
            "ipv6_cidr_block": "",
            "ipv6_cidr_block_association_id": "",
            "ipv6_native": false,
            "map_customer_owned_ip_on_launch": false,
            "map_public_ip_on_launch": true,
            "outpost_arn": "",
            "owner_id": "089622251853",
            "private_dns_hostname_type_on_launch": "ip-name",
            "tags": {
              "Environment": "lab",
              "Name": "f5lab"
            },
            "tags_all": {
              "Environment": "lab",
              "Name": "f5lab"
            },
            "timeouts": null,
            "vpc_id": "vpc-07a427990ad1984e9"
          },
          "sensitive_attributes": [],
          "private": "eyJlMmJmYjczMC1lY2FhLTExZTYtOGY4OC0zNDM2M2JjN2M0YzAiOnsiY3JlYXRlIjo2MDAwMDAwMDAwMDAsImRlbGV0ZSI6MTIwMDAwMDAwMDAwMH0sInNjaGVtYV92ZXJzaW9uIjoiMSJ9",
          "dependencies": [
            "module.infrastructure.aws_vpc.vpc"
          ]
        }
      ]
    },
    {
      "module": "module.infrastructure",
      "mode": "managed",
      "type": "aws_subnet",
      "name": "mgmt",
      "provider": "provider[\"registry.terraform.io/hashicorp/aws\"]",
      "instances": [
        {
          "schema_version": 1,
          "attributes": {
            "arn": "arn:aws:ec2:us-west-1:089622251853:subnet/subnet-0e3ada28e141abb26",
            "assign_ipv6_address_on_creation": false,
            "availability_zone": "us-west-1a",
            "availability_zone_id": "usw1-az3",
            "cidr_block": "10.0.10.0/24",
            "customer_owned_ipv4_pool": "",
            "enable_dns64": false,
            "enable_lni_at_device_index": 0,
            "enable_resource_name_dns_a_record_on_launch": false,
            "enable_resource_name_dns_aaaa_record_on_launch": false,
            "id": "subnet-0e3ada28e141abb26",
            "ipv6_cidr_block": "",
            "ipv6_cidr_block_association_id": "",
            "ipv6_native": false,
            "map_customer_owned_ip_on_launch": false,
            "map_public_ip_on_launch": true,
            "outpost_arn": "",
            "owner_id": "089622251853",
            "private_dns_hostname_type_on_launch": "ip-name",
            "tags": {
              "Environment": "lab",
              "Name": "f5lab"
            },
            "tags_all": {
              "Environment": "lab",
              "Name": "f5lab"
            },
            "timeouts": null,
            "vpc_id": "vpc-07a427990ad1984e9"
          },
          "sensitive_attributes": [],
          "private": "eyJlMmJmYjczMC1lY2FhLTExZTYtOGY4OC0zNDM2M2JjN2M0YzAiOnsiY3JlYXRlIjo2MDAwMDAwMDAwMDAsImRlbGV0ZSI6MTIwMDAwMDAwMDAwMH0sInNjaGVtYV92ZXJzaW9uIjoiMSJ9",
          "dependencies": [
            "module.infrastructure.aws_vpc.vpc"
          ]
        }
      ]
    },
    {
      "module": "module.infrastructure",
      "mode": "managed",
      "type": "aws_vpc",
      "name": "vpc",
      "provider": "provider[\"registry.terraform.io/hashicorp/aws\"]",
      "instances": [
        {
          "schema_version": 1,
          "attributes": {
            "arn": "arn:aws:ec2:us-west-1:089622251853:vpc/vpc-07a427990ad1984e9",
            "assign_generated_ipv6_cidr_block": false,
            "cidr_block": "10.0.0.0/16",
            "default_network_acl_id": "acl-0e37413a5fce47e6b",
            "default_route_table_id": "rtb-055ac8e03001860d3",
            "default_security_group_id": "sg-02c1421b7fa52b63c",
            "dhcp_options_id": "dopt-eabcb98d",
            "enable_dns_hostnames": false,
            "enable_dns_support": true,
            "enable_network_address_usage_metrics": false,
            "id": "vpc-07a427990ad1984e9",
            "instance_tenancy": "default",
            "ipv4_ipam_pool_id": null,
            "ipv4_netmask_length": null,
            "ipv6_association_id": "",
            "ipv6_cidr_block": "",
            "ipv6_cidr_block_network_border_group": "",
            "ipv6_ipam_pool_id": "",
            "ipv6_netmask_length": 0,
            "main_route_table_id": "rtb-055ac8e03001860d3",
            "owner_id": "089622251853",
            "tags": {
              "Environment": "lab",
              "Name": "f5lab"
            },
            "tags_all": {
              "Environment": "lab",
              "Name": "f5lab"
            }
          },
          "sensitive_attributes": [],
          "private": "eyJzY2hlbWFfdmVyc2lvbiI6IjEifQ=="
        }
      ]
    },
    {
      "module": "module.infrastructure",
      "mode": "managed",
      "type": "null_resource",
      "name": "wait_for_bigip_http",
      "provider": "provider[\"registry.terraform.io/hashicorp/null\"]",
      "instances": [
        {
          "schema_version": 0,
          "attributes": {
            "id": "7269210195859750103",
            "triggers": null
          },
          "sensitive_attributes": [],
          "dependencies": [
            "module.infrastructure.aws_eip.eip_mgmt",
            "module.infrastructure.aws_instance.big_ip",
            "module.infrastructure.aws_network_interface.external",
            "module.infrastructure.aws_network_interface.internal",
            "module.infrastructure.aws_network_interface.mgmt",
            "module.infrastructure.aws_security_group.external",
            "module.infrastructure.aws_security_group.internal",
            "module.infrastructure.aws_security_group.mgmt",
            "module.infrastructure.aws_subnet.external",
            "module.infrastructure.aws_subnet.internal",
            "module.infrastructure.aws_subnet.mgmt",
            "module.infrastructure.aws_vpc.vpc",
            "module.infrastructure.data.http.myip"
          ]
        }
      ]
    }
  ],
  "check_results": null
}
